
Microsoft Visual Studio Solution File, Format Version 12.00
# Visual Studio 15
VisualStudioVersion = 15.0.27130.2027
MinimumVisualStudioVersion = 10.0.40219.1
Project("{FAE04EC0-301F-11D3-BF4B-00C04F79EFBC}") = "WCF_COMP_MANAGER", "WCF_COMP_MANAGER\WCF_COMP_MANAGER.csproj", "{32132DD5-98CA-47AF-9665-687DD38F39CF}"
EndProject
Global
	GlobalSection(SolutionConfigurationPlatforms) = preSolution
		Debug|Any CPU = Debug|Any CPU
		Release|Any CPU = Release|Any CPU
	EndGlobalSection
	GlobalSection(ProjectConfigurationPlatforms) = postSolution
		{32132DD5-98CA-47AF-9665-687DD38F39CF}.Debug|Any CPU.ActiveCfg = Debug|Any CPU
		{32132DD5-98CA-47AF-9665-687DD38F39CF}.Debug|Any CPU.Build.0 = Debug|Any CPU
		{32132DD5-98CA-47AF-9665-687DD38F39CF}.Release|Any CPU.ActiveCfg = Release|Any CPU
		{32132DD5-98CA-47AF-9665-687DD38F39CF}.Release|Any CPU.Build.0 = Release|Any CPU
	EndGlobalSection
	GlobalSection(SolutionProperties) = preSolution
		HideSolutionNode = FALSE
	EndGlobalSection
	GlobalSection(ExtensibilityGlobals) = postSolution
		SolutionGuid = {F39FD055-CE86-4180-9B06-7BA99DD405F6}
	EndGlobalSection
EndGlobal
